
Microsoft Visual Studio Solution File, Format Version 12.00
# Visual Studio Version 18
VisualStudioVersion = 18.1.11312.151
MinimumVisualStudioVersion = 10.0.40219.1
Project("{2150E333-8FDC-42A3-9474-1A3956D46DE8}") = "src", "src", "{827E0CD3-B72D-47B6-A68D-7590B98EB39B}"
EndProject
Project("{FAE04EC0-301F-11D3-BF4B-00C04F79EFBC}") = "Clockworks", "src\Clockworks.csproj", "{579A74AB-C252-4E19-9E25-A749EECAA579}"
EndProject
Project("{2150E333-8FDC-42A3-9474-1A3956D46DE8}") = "tests", "tests", "{0AB3BF05-4346-4AA6-1389-037BE0695223}"
EndProject
Project("{FAE04EC0-301F-11D3-BF4B-00C04F79EFBC}") = "Clockworks.Tests", "tests\Clockworks.Tests.csproj", "{4961E92F-522A-4E70-AB99-5277C9070F96}"
EndProject
Project("{2150E333-8FDC-42A3-9474-1A3956D46DE8}") = "demo", "demo", "{A39C23D2-F2C0-258D-165A-CF1E7FEE6E7B}"
EndProject
Project("{FAE04EC0-301F-11D3-BF4B-00C04F79EFBC}") = "Clockworks.Demo", "demo\Clockworks.Demo\Clockworks.Demo.csproj", "{31727AA1-C7BD-4C71-B638-4641D7C714B2}"
EndProject
Project("{FAE04EC0-301F-11D3-BF4B-00C04F79EFBC}") = "Clockworks.IntegrationDemo", "demo\Clockworks.IntegrationDemo\Clockworks.IntegrationDemo.csproj", "{52933331-D795-3531-B002-E418C8C4A7EE}"
EndProject
Global
	GlobalSection(SolutionConfigurationPlatforms) = preSolution
		Debug|Any CPU = Debug|Any CPU
		Debug|x64 = Debug|x64
		Debug|x86 = Debug|x86
		Release|Any CPU = Release|Any CPU
		Release|x64 = Release|x64
		Release|x86 = Release|x86
	EndGlobalSection
	GlobalSection(ProjectConfigurationPlatforms) = postSolution
		{579A74AB-C252-4E19-9E25-A749EECAA579}.Debug|Any CPU.ActiveCfg = Debug|Any CPU
		{579A74AB-C252-4E19-9E25-A749EECAA579}.Debug|Any CPU.Build.0 = Debug|Any CPU
		{579A74AB-C252-4E19-9E25-A749EECAA579}.Debug|x64.ActiveCfg = Debug|Any CPU
		{579A74AB-C252-4E19-9E25-A749EECAA579}.Debug|x64.Build.0 = Debug|Any CPU
		{579A74AB-C252-4E19-9E25-A749EECAA579}.Debug|x86.ActiveCfg = Debug|Any CPU
		{579A74AB-C252-4E19-9E25-A749EECAA579}.Debug|x86.Build.0 = Debug|Any CPU
		{579A74AB-C252-4E19-9E25-A749EECAA579}.Release|Any CPU.ActiveCfg = Release|Any CPU
		{579A74AB-C252-4E19-9E25-A749EECAA579}.Release|Any CPU.Build.0 = Release|Any CPU
		{579A74AB-C252-4E19-9E25-A749EECAA579}.Release|x64.ActiveCfg = Release|Any CPU
		{579A74AB-C252-4E19-9E25-A749EECAA579}.Release|x64.Build.0 = Release|Any CPU
		{579A74AB-C252-4E19-9E25-A749EECAA579}.Release|x86.ActiveCfg = Release|Any CPU
		{579A74AB-C252-4E19-9E25-A749EECAA579}.Release|x86.Build.0 = Release|Any CPU
		{4961E92F-522A-4E70-AB99-5277C9070F96}.Debug|Any CPU.ActiveCfg = Debug|Any CPU
		{4961E92F-522A-4E70-AB99-5277C9070F96}.Debug|Any CPU.Build.0 = Debug|Any CPU
		{4961E92F-522A-4E70-AB99-5277C9070F96}.Debug|x64.ActiveCfg = Debug|Any CPU
		{4961E92F-522A-4E70-AB99-5277C9070F96}.Debug|x64.Build.0 = Debug|Any CPU
		{4961E92F-522A-4E70-AB99-5277C9070F96}.Debug|x86.ActiveCfg = Debug|Any CPU
		{4961E92F-522A-4E70-AB99-5277C9070F96}.Debug|x86.Build.0 = Debug|Any CPU
		{4961E92F-522A-4E70-AB99-5277C9070F96}.Release|Any CPU.ActiveCfg = Release|Any CPU
		{4961E92F-522A-4E70-AB99-5277C9070F96}.Release|Any CPU.Build.0 = Release|Any CPU
		{4961E92F-522A-4E70-AB99-5277C9070F96}.Release|x64.ActiveCfg = Release|Any CPU
		{4961E92F-522A-4E70-AB99-5277C9070F96}.Release|x64.Build.0 = Release|Any CPU
		{4961E92F-522A-4E70-AB99-5277C9070F96}.Release|x86.ActiveCfg = Release|Any CPU
		{4961E92F-522A-4E70-AB99-5277C9070F96}.Release|x86.Build.0 = Release|Any CPU
		{31727AA1-C7BD-4C71-B638-4641D7C714B2}.Debug|Any CPU.ActiveCfg = Debug|Any CPU
		{31727AA1-C7BD-4C71-B638-4641D7C714B2}.Debug|Any CPU.Build.0 = Debug|Any CPU
		{31727AA1-C7BD-4C71-B638-4641D7C714B2}.Debug|x64.ActiveCfg = Debug|Any CPU
		{31727AA1-C7BD-4C71-B638-4641D7C714B2}.Debug|x64.Build.0 = Debug|Any CPU
		{31727AA1-C7BD-4C71-B638-4641D7C714B2}.Debug|x86.ActiveCfg = Debug|Any CPU
		{31727AA1-C7BD-4C71-B638-4641D7C714B2}.Debug|x86.Build.0 = Debug|Any CPU
		{31727AA1-C7BD-4C71-B638-4641D7C714B2}.Release|Any CPU.ActiveCfg = Release|Any CPU
		{31727AA1-C7BD-4C71-B638-4641D7C714B2}.Release|Any CPU.Build.0 = Release|Any CPU
		{31727AA1-C7BD-4C71-B638-4641D7C714B2}.Release|x64.ActiveCfg = Release|Any CPU
		{31727AA1-C7BD-4C71-B638-4641D7C714B2}.Release|x64.Build.0 = Release|Any CPU
		{31727AA1-C7BD-4C71-B638-4641D7C714B2}.Release|x86.ActiveCfg = Release|Any CPU
		{31727AA1-C7BD-4C71-B638-4641D7C714B2}.Release|x86.Build.0 = Release|Any CPU
		{52933331-D795-3531-B002-E418C8C4A7EE}.Debug|Any CPU.ActiveCfg = Debug|Any CPU
		{52933331-D795-3531-B002-E418C8C4A7EE}.Debug|Any CPU.Build.0 = Debug|Any CPU
		{52933331-D795-3531-B002-E418C8C4A7EE}.Debug|x64.ActiveCfg = Debug|Any CPU
		{52933331-D795-3531-B002-E418C8C4A7EE}.Debug|x64.Build.0 = Debug|Any CPU
		{52933331-D795-3531-B002-E418C8C4A7EE}.Debug|x86.ActiveCfg = Debug|Any CPU
		{52933331-D795-3531-B002-E418C8C4A7EE}.Debug|x86.Build.0 = Debug|Any CPU
		{52933331-D795-3531-B002-E418C8C4A7EE}.Release|Any CPU.ActiveCfg = Release|Any CPU
		{52933331-D795-3531-B002-E418C8C4A7EE}.Release|Any CPU.Build.0 = Release|Any CPU
		{52933331-D795-3531-B002-E418C8C4A7EE}.Release|x64.ActiveCfg = Release|Any CPU
		{52933331-D795-3531-B002-E418C8C4A7EE}.Release|x64.Build.0 = Release|Any CPU
		{52933331-D795-3531-B002-E418C8C4A7EE}.Release|x86.ActiveCfg = Release|Any CPU
		{52933331-D795-3531-B002-E418C8C4A7EE}.Release|x86.Build.0 = Release|Any CPU
	EndGlobalSection
	GlobalSection(SolutionProperties) = preSolution
		HideSolutionNode = FALSE
	EndGlobalSection
	GlobalSection(NestedProjects) = preSolution
		{579A74AB-C252-4E19-9E25-A749EECAA579} = {827E0CD3-B72D-47B6-A68D-7590B98EB39B}
		{4961E92F-522A-4E70-AB99-5277C9070F96} = {0AB3BF05-4346-4AA6-1389-037BE0695223}
		{31727AA1-C7BD-4C71-B638-4641D7C714B2} = {A39C23D2-F2C0-258D-165A-CF1E7FEE6E7B}
		{52933331-D795-3531-B002-E418C8C4A7EE} = {A39C23D2-F2C0-258D-165A-CF1E7FEE6E7B}
	EndGlobalSection
	GlobalSection(ExtensibilityGlobals) = postSolution
		SolutionGuid = {56EF4AE9-63EA-4AE0-B320-C6C9D332D60E}
	EndGlobalSection
EndGlobal
